
Microsoft Visual Studio Solution File, Format Version 12.00
# Visual Studio Version 16
VisualStudioVersion = 16.0.29318.209
MinimumVisualStudioVersion = 10.0.40219.1
Project("{FAE04EC0-301F-11D3-BF4B-00C04F79EFBC}") = "Project5", "Project5\Project5.csproj", "{EC82BB54-DFB2-4E33-9CD4-9E9A734A88C2}"
EndProject
Global
	GlobalSection(SolutionConfigurationPlatforms) = preSolution
		Debug|Any CPU = Debug|Any CPU
		Release|Any CPU = Release|Any CPU
	EndGlobalSection
	GlobalSection(ProjectConfigurationPlatforms) = postSolution
		{EC82BB54-DFB2-4E33-9CD4-9E9A734A88C2}.Debug|Any CPU.ActiveCfg = Debug|Any CPU
		{EC82BB54-DFB2-4E33-9CD4-9E9A734A88C2}.Debug|Any CPU.Build.0 = Debug|Any CPU
		{EC82BB54-DFB2-4E33-9CD4-9E9A734A88C2}.Release|Any CPU.ActiveCfg = Release|Any CPU
		{EC82BB54-DFB2-4E33-9CD4-9E9A734A88C2}.Release|Any CPU.Build.0 = Release|Any CPU
	EndGlobalSection
	GlobalSection(SolutionProperties) = preSolution
		HideSolutionNode = FALSE
	EndGlobalSection
	GlobalSection(ExtensibilityGlobals) = postSolution
		SolutionGuid = {4DA63EA7-1D41-49CF-A7E6-6E402476FA52}
	EndGlobalSection
EndGlobal
