
Microsoft Visual Studio Solution File, Format Version 12.00
# Visual Studio Version 16
VisualStudioVersion = 16.0.29318.209
MinimumVisualStudioVersion = 10.0.40219.1
Project("{FAE04EC0-301F-11D3-BF4B-00C04F79EFBC}") = "test", "test\test.csproj", "{4426F4E7-391D-4FB7-BF46-8B9923C680A2}"
EndProject
Global
	GlobalSection(SolutionConfigurationPlatforms) = preSolution
		Debug|Any CPU = Debug|Any CPU
		Release|Any CPU = Release|Any CPU
	EndGlobalSection
	GlobalSection(ProjectConfigurationPlatforms) = postSolution
		{4426F4E7-391D-4FB7-BF46-8B9923C680A2}.Debug|Any CPU.ActiveCfg = Debug|Any CPU
		{4426F4E7-391D-4FB7-BF46-8B9923C680A2}.Debug|Any CPU.Build.0 = Debug|Any CPU
		{4426F4E7-391D-4FB7-BF46-8B9923C680A2}.Release|Any CPU.ActiveCfg = Release|Any CPU
		{4426F4E7-391D-4FB7-BF46-8B9923C680A2}.Release|Any CPU.Build.0 = Release|Any CPU
	EndGlobalSection
	GlobalSection(SolutionProperties) = preSolution
		HideSolutionNode = FALSE
	EndGlobalSection
	GlobalSection(ExtensibilityGlobals) = postSolution
		SolutionGuid = {2347F599-A409-41BC-B0FF-9DA4D3370522}
	EndGlobalSection
EndGlobal
