
Microsoft Visual Studio Solution File, Format Version 12.00
# Visual Studio Version 16
VisualStudioVersion = 16.0.29306.81
MinimumVisualStudioVersion = 10.0.40219.1
Project("{FAE04EC0-301F-11D3-BF4B-00C04F79EFBC}") = "Project1", "Project1\Project1.csproj", "{4814E7FB-4DC9-4F18-A098-90999A25D466}"
EndProject
Global
	GlobalSection(SolutionConfigurationPlatforms) = preSolution
		Debug|Any CPU = Debug|Any CPU
		Release|Any CPU = Release|Any CPU
	EndGlobalSection
	GlobalSection(ProjectConfigurationPlatforms) = postSolution
		{4814E7FB-4DC9-4F18-A098-90999A25D466}.Debug|Any CPU.ActiveCfg = Debug|Any CPU
		{4814E7FB-4DC9-4F18-A098-90999A25D466}.Debug|Any CPU.Build.0 = Debug|Any CPU
		{4814E7FB-4DC9-4F18-A098-90999A25D466}.Release|Any CPU.ActiveCfg = Release|Any CPU
		{4814E7FB-4DC9-4F18-A098-90999A25D466}.Release|Any CPU.Build.0 = Release|Any CPU
	EndGlobalSection
	GlobalSection(SolutionProperties) = preSolution
		HideSolutionNode = FALSE
	EndGlobalSection
	GlobalSection(ExtensibilityGlobals) = postSolution
		SolutionGuid = {7475147E-F5D8-472D-B94F-50CBC0A68482}
	EndGlobalSection
EndGlobal
