
Microsoft Visual Studio Solution File, Format Version 12.00
# Visual Studio Version 16
VisualStudioVersion = 16.0.29509.3
MinimumVisualStudioVersion = 10.0.40219.1
Project("{FAE04EC0-301F-11D3-BF4B-00C04F79EFBC}") = "Project13", "Project13\Project13.csproj", "{E09CCC36-A1F6-4C79-A5E4-66D2C2D04296}"
EndProject
Global
	GlobalSection(SolutionConfigurationPlatforms) = preSolution
		Debug|Any CPU = Debug|Any CPU
		Release|Any CPU = Release|Any CPU
	EndGlobalSection
	GlobalSection(ProjectConfigurationPlatforms) = postSolution
		{E09CCC36-A1F6-4C79-A5E4-66D2C2D04296}.Debug|Any CPU.ActiveCfg = Debug|Any CPU
		{E09CCC36-A1F6-4C79-A5E4-66D2C2D04296}.Debug|Any CPU.Build.0 = Debug|Any CPU
		{E09CCC36-A1F6-4C79-A5E4-66D2C2D04296}.Release|Any CPU.ActiveCfg = Release|Any CPU
		{E09CCC36-A1F6-4C79-A5E4-66D2C2D04296}.Release|Any CPU.Build.0 = Release|Any CPU
	EndGlobalSection
	GlobalSection(SolutionProperties) = preSolution
		HideSolutionNode = FALSE
	EndGlobalSection
	GlobalSection(ExtensibilityGlobals) = postSolution
		SolutionGuid = {CC714A49-F1F5-44D6-BB8C-C2F93E04B262}
	EndGlobalSection
EndGlobal
